
Microsoft Visual Studio Solution File, Format Version 12.00
# Visual Studio Version 17
VisualStudioVersion = 17.6.33829.357
MinimumVisualStudioVersion = 10.0.40219.1
Project("{FAE04EC0-301F-11D3-BF4B-00C04F79EFBC}") = "StoreManagger", "StoreManagger\StoreManagger.csproj", "{38209655-ACDD-47B0-9410-B3DE85609D44}"
EndProject
Project("{2150E333-8FDC-42A3-9474-1A3956D46DE8}") = "Solution Items", "Solution Items", "{8F07AF2E-477D-4D6F-A0DC-E8071913E71B}"
EndProject
Global
	GlobalSection(SolutionConfigurationPlatforms) = preSolution
		Debug|Any CPU = Debug|Any CPU
		Release|Any CPU = Release|Any CPU
	EndGlobalSection
	GlobalSection(ProjectConfigurationPlatforms) = postSolution
		{38209655-ACDD-47B0-9410-B3DE85609D44}.Debug|Any CPU.ActiveCfg = Debug|Any CPU
		{38209655-ACDD-47B0-9410-B3DE85609D44}.Debug|Any CPU.Build.0 = Debug|Any CPU
		{38209655-ACDD-47B0-9410-B3DE85609D44}.Release|Any CPU.ActiveCfg = Release|Any CPU
		{38209655-ACDD-47B0-9410-B3DE85609D44}.Release|Any CPU.Build.0 = Release|Any CPU
	EndGlobalSection
	GlobalSection(SolutionProperties) = preSolution
		HideSolutionNode = FALSE
	EndGlobalSection
	GlobalSection(ExtensibilityGlobals) = postSolution
		SolutionGuid = {2EC1732B-AD7A-4E21-B741-D3F9640BA3DC}
	EndGlobalSection
EndGlobal
